
Microsoft Visual Studio Solution File, Format Version 12.00
# Visual Studio 15
VisualStudioVersion = 15.0.28307.1000
MinimumVisualStudioVersion = 10.0.40219.1
Project("{FAE04EC0-301F-11D3-BF4B-00C04F79EFBC}") = "NLogGloabalErrorHandler", "NLogGloabalErrorHandler\NLogGloabalErrorHandler.csproj", "{5AAC7939-DBC6-41C6-9B7C-BEA8B9A31FF8}"
EndProject
Project("{FAE04EC0-301F-11D3-BF4B-00C04F79EFBC}") = "LoggerService", "LoggerService\LoggerService.csproj", "{B199CC71-002E-43EF-A5AA-C8C55A9785AB}"
EndProject
Global
	GlobalSection(SolutionConfigurationPlatforms) = preSolution
		Debug|Any CPU = Debug|Any CPU
		Release|Any CPU = Release|Any CPU
	EndGlobalSection
	GlobalSection(ProjectConfigurationPlatforms) = postSolution
		{5AAC7939-DBC6-41C6-9B7C-BEA8B9A31FF8}.Debug|Any CPU.ActiveCfg = Debug|Any CPU
		{5AAC7939-DBC6-41C6-9B7C-BEA8B9A31FF8}.Debug|Any CPU.Build.0 = Debug|Any CPU
		{5AAC7939-DBC6-41C6-9B7C-BEA8B9A31FF8}.Release|Any CPU.ActiveCfg = Release|Any CPU
		{5AAC7939-DBC6-41C6-9B7C-BEA8B9A31FF8}.Release|Any CPU.Build.0 = Release|Any CPU
		{B199CC71-002E-43EF-A5AA-C8C55A9785AB}.Debug|Any CPU.ActiveCfg = Debug|Any CPU
		{B199CC71-002E-43EF-A5AA-C8C55A9785AB}.Debug|Any CPU.Build.0 = Debug|Any CPU
		{B199CC71-002E-43EF-A5AA-C8C55A9785AB}.Release|Any CPU.ActiveCfg = Release|Any CPU
		{B199CC71-002E-43EF-A5AA-C8C55A9785AB}.Release|Any CPU.Build.0 = Release|Any CPU
	EndGlobalSection
	GlobalSection(SolutionProperties) = preSolution
		HideSolutionNode = FALSE
	EndGlobalSection
	GlobalSection(ExtensibilityGlobals) = postSolution
		SolutionGuid = {90DF993B-F666-49C3-B492-B2F9F4E2A9B2}
	EndGlobalSection
EndGlobal
